
Microsoft Visual Studio Solution File, Format Version 12.00
# Visual Studio Version 17
VisualStudioVersion = 17.3.32825.248
MinimumVisualStudioVersion = 10.0.40219.1
Project("{888888A0-9F3D-457C-B088-3A5042F75D52}") = "CrudFlask", "CrudFlask.pyproj", "{79609298-9977-4D3D-929D-66F193DDC476}"
EndProject
Global
	GlobalSection(SolutionConfigurationPlatforms) = preSolution
		Debug|Any CPU = Debug|Any CPU
		Release|Any CPU = Release|Any CPU
	EndGlobalSection
	GlobalSection(ProjectConfigurationPlatforms) = postSolution
		{79609298-9977-4D3D-929D-66F193DDC476}.Debug|Any CPU.ActiveCfg = Debug|Any CPU
		{79609298-9977-4D3D-929D-66F193DDC476}.Debug|Any CPU.Build.0 = Debug|Any CPU
		{79609298-9977-4D3D-929D-66F193DDC476}.Release|Any CPU.ActiveCfg = Release|Any CPU
		{79609298-9977-4D3D-929D-66F193DDC476}.Release|Any CPU.Build.0 = Release|Any CPU
	EndGlobalSection
	GlobalSection(SolutionProperties) = preSolution
		HideSolutionNode = FALSE
	EndGlobalSection
	GlobalSection(ExtensibilityGlobals) = postSolution
		SolutionGuid = {8156A869-9032-4B19-9A0D-B4CBC0472D82}
	EndGlobalSection
EndGlobal
